# This file was autogenerated by Stack.
# You should not edit this file by hand.
# For more information, please see the documentation at:
#   https://docs.haskellstack.org/en/stable/lock_files

packages: []
snapshots:
- completed:
    size: 612141
    url: https://raw.githubusercontent.com/commercialhaskell/stackage-snapshots/master/nightly/2022/3/3.yaml
    sha256: 0df0015743398be2f8ea1e0784e9d10ef1a60f7acdceae7ec64881d7441fa14e
  original: nightly-2022-03-03
